
Microsoft Visual Studio Solution File, Format Version 12.00
# Visual Studio 2013
VisualStudioVersion = 12.0.21005.1
MinimumVisualStudioVersion = 10.0.40219.1
Project("{CC5FD16D-436D-48AD-A40C-5A424C6E3E79}") = "IT-Recrutement-Link", "IT-Recrutement-Link\IT-Recrutement-Link.ccproj", "{1A673FEA-E52A-413D-8A61-F8D9B4FE8630}"
EndProject
Project("{FAE04EC0-301F-11D3-BF4B-00C04F79EFBC}") = "WebRole1", "WebRole1\WebRole1.csproj", "{3D48FA1A-E046-4A25-9629-F5EEF299DDDD}"
EndProject
Global
	GlobalSection(SolutionConfigurationPlatforms) = preSolution
		Debug|Any CPU = Debug|Any CPU
		Release|Any CPU = Release|Any CPU
	EndGlobalSection
	GlobalSection(ProjectConfigurationPlatforms) = postSolution
		{1A673FEA-E52A-413D-8A61-F8D9B4FE8630}.Debug|Any CPU.ActiveCfg = Debug|Any CPU
		{1A673FEA-E52A-413D-8A61-F8D9B4FE8630}.Debug|Any CPU.Build.0 = Debug|Any CPU
		{1A673FEA-E52A-413D-8A61-F8D9B4FE8630}.Release|Any CPU.ActiveCfg = Release|Any CPU
		{1A673FEA-E52A-413D-8A61-F8D9B4FE8630}.Release|Any CPU.Build.0 = Release|Any CPU
		{3D48FA1A-E046-4A25-9629-F5EEF299DDDD}.Debug|Any CPU.ActiveCfg = Debug|Any CPU
		{3D48FA1A-E046-4A25-9629-F5EEF299DDDD}.Debug|Any CPU.Build.0 = Debug|Any CPU
		{3D48FA1A-E046-4A25-9629-F5EEF299DDDD}.Release|Any CPU.ActiveCfg = Release|Any CPU
		{3D48FA1A-E046-4A25-9629-F5EEF299DDDD}.Release|Any CPU.Build.0 = Release|Any CPU
	EndGlobalSection
	GlobalSection(SolutionProperties) = preSolution
		HideSolutionNode = FALSE
	EndGlobalSection
EndGlobal
