
Microsoft Visual Studio Solution File, Format Version 12.00
# Visual Studio 2013
VisualStudioVersion = 12.0.21005.1
MinimumVisualStudioVersion = 10.0.40219.1
Project("{CC5FD16D-436D-48AD-A40C-5A424C6E3E79}") = "IT-Recrutement-Link", "IT-Recrutement-Link\IT-Recrutement-Link.ccproj", "{1A673FEA-E52A-413D-8A61-F8D9B4FE8630}"
EndProject
Project("{FAE04EC0-301F-11D3-BF4B-00C04F79EFBC}") = "IT-Recrutement-Link.Domain", "IT-Recrutement-Link.Domain\IT-Recrutement-Link.Domain.csproj", "{44D62338-53D8-4344-9580-4ABF1D562FCE}"
EndProject
Project("{FAE04EC0-301F-11D3-BF4B-00C04F79EFBC}") = "IT-Recrutement-Link.DataAccess", "IT-Recrutement-Link.DataAccess\IT-Recrutement-Link.DataAccess.csproj", "{288A1550-4530-4BA5-A597-CD75F5322827}"
EndProject
Project("{FAE04EC0-301F-11D3-BF4B-00C04F79EFBC}") = "IT-Recrutement-Link.Domain.Test", "IT-Recrutement-Link.Domain.Test\IT-Recrutement-Link.Domain.Test.csproj", "{A1DE9DAB-AC1F-49D6-BD9F-F8CF7226037D}"
EndProject
Project("{FAE04EC0-301F-11D3-BF4B-00C04F79EFBC}") = "IT-Recrutement-Link.Web", "IT-Recrutement-Link.Web\IT-Recrutement-Link.Web.csproj", "{89C3B4EA-0986-4F9D-97D9-D1D98DEA112D}"
EndProject
Project("{FAE04EC0-301F-11D3-BF4B-00C04F79EFBC}") = "IT-Recrutement-Link.Service", "IT-Recrutement-Link.Service\IT-Recrutement-Link.Service.csproj", "{79AA4151-4CD0-4DE9-B321-1CB269DF5D60}"
EndProject
Project("{FAE04EC0-301F-11D3-BF4B-00C04F79EFBC}") = "IT-Recrutement-Link.Service.Test", "IT-Recrutement-Link.Service.Test\IT-Recrutement-Link.Service.Test.csproj", "{0270DB17-B0D2-4A16-AA31-289590A0E142}"
EndProject
Project("{FAE04EC0-301F-11D3-BF4B-00C04F79EFBC}") = "IT-Recrutement-Link.DataAccess.Test", "IT-Recrutement-Link.DataAccess.Test\IT-Recrutement-Link.DataAccess.Test.csproj", "{F47BFDE2-5B9A-4833-B4AF-0450777A4CF6}"
EndProject
Global
	GlobalSection(SolutionConfigurationPlatforms) = preSolution
		Debug|Any CPU = Debug|Any CPU
		Release|Any CPU = Release|Any CPU
	EndGlobalSection
	GlobalSection(ProjectConfigurationPlatforms) = postSolution
		{1A673FEA-E52A-413D-8A61-F8D9B4FE8630}.Debug|Any CPU.ActiveCfg = Debug|Any CPU
		{1A673FEA-E52A-413D-8A61-F8D9B4FE8630}.Debug|Any CPU.Build.0 = Debug|Any CPU
		{1A673FEA-E52A-413D-8A61-F8D9B4FE8630}.Release|Any CPU.ActiveCfg = Release|Any CPU
		{1A673FEA-E52A-413D-8A61-F8D9B4FE8630}.Release|Any CPU.Build.0 = Release|Any CPU
		{44D62338-53D8-4344-9580-4ABF1D562FCE}.Debug|Any CPU.ActiveCfg = Debug|Any CPU
		{44D62338-53D8-4344-9580-4ABF1D562FCE}.Debug|Any CPU.Build.0 = Debug|Any CPU
		{44D62338-53D8-4344-9580-4ABF1D562FCE}.Release|Any CPU.ActiveCfg = Release|Any CPU
		{44D62338-53D8-4344-9580-4ABF1D562FCE}.Release|Any CPU.Build.0 = Release|Any CPU
		{288A1550-4530-4BA5-A597-CD75F5322827}.Debug|Any CPU.ActiveCfg = Debug|Any CPU
		{288A1550-4530-4BA5-A597-CD75F5322827}.Debug|Any CPU.Build.0 = Debug|Any CPU
		{288A1550-4530-4BA5-A597-CD75F5322827}.Release|Any CPU.ActiveCfg = Release|Any CPU
		{288A1550-4530-4BA5-A597-CD75F5322827}.Release|Any CPU.Build.0 = Release|Any CPU
		{A1DE9DAB-AC1F-49D6-BD9F-F8CF7226037D}.Debug|Any CPU.ActiveCfg = Debug|Any CPU
		{A1DE9DAB-AC1F-49D6-BD9F-F8CF7226037D}.Debug|Any CPU.Build.0 = Debug|Any CPU
		{A1DE9DAB-AC1F-49D6-BD9F-F8CF7226037D}.Release|Any CPU.ActiveCfg = Release|Any CPU
		{A1DE9DAB-AC1F-49D6-BD9F-F8CF7226037D}.Release|Any CPU.Build.0 = Release|Any CPU
		{89C3B4EA-0986-4F9D-97D9-D1D98DEA112D}.Debug|Any CPU.ActiveCfg = Debug|Any CPU
		{89C3B4EA-0986-4F9D-97D9-D1D98DEA112D}.Debug|Any CPU.Build.0 = Debug|Any CPU
		{89C3B4EA-0986-4F9D-97D9-D1D98DEA112D}.Release|Any CPU.ActiveCfg = Release|Any CPU
		{89C3B4EA-0986-4F9D-97D9-D1D98DEA112D}.Release|Any CPU.Build.0 = Release|Any CPU
		{79AA4151-4CD0-4DE9-B321-1CB269DF5D60}.Debug|Any CPU.ActiveCfg = Debug|Any CPU
		{79AA4151-4CD0-4DE9-B321-1CB269DF5D60}.Debug|Any CPU.Build.0 = Debug|Any CPU
		{79AA4151-4CD0-4DE9-B321-1CB269DF5D60}.Release|Any CPU.ActiveCfg = Release|Any CPU
		{79AA4151-4CD0-4DE9-B321-1CB269DF5D60}.Release|Any CPU.Build.0 = Release|Any CPU
		{0270DB17-B0D2-4A16-AA31-289590A0E142}.Debug|Any CPU.ActiveCfg = Debug|Any CPU
		{0270DB17-B0D2-4A16-AA31-289590A0E142}.Debug|Any CPU.Build.0 = Debug|Any CPU
		{0270DB17-B0D2-4A16-AA31-289590A0E142}.Release|Any CPU.ActiveCfg = Release|Any CPU
		{0270DB17-B0D2-4A16-AA31-289590A0E142}.Release|Any CPU.Build.0 = Release|Any CPU
		{F47BFDE2-5B9A-4833-B4AF-0450777A4CF6}.Debug|Any CPU.ActiveCfg = Debug|Any CPU
		{F47BFDE2-5B9A-4833-B4AF-0450777A4CF6}.Debug|Any CPU.Build.0 = Debug|Any CPU
		{F47BFDE2-5B9A-4833-B4AF-0450777A4CF6}.Release|Any CPU.ActiveCfg = Release|Any CPU
		{F47BFDE2-5B9A-4833-B4AF-0450777A4CF6}.Release|Any CPU.Build.0 = Release|Any CPU
	EndGlobalSection
	GlobalSection(SolutionProperties) = preSolution
		HideSolutionNode = FALSE
	EndGlobalSection
EndGlobal
